
Microsoft Visual Studio Solution File, Format Version 12.00
# Visual Studio 15
VisualStudioVersion = 15.0.27703.2042
MinimumVisualStudioVersion = 10.0.40219.1
Project("{FAE04EC0-301F-11D3-BF4B-00C04F79EFBC}") = "AllYourBase", "AllYourBase\AllYourBase.csproj", "{C9AC9C2E-F4F1-44CA-AFE7-08C3969FF2C8}"
EndProject
Global
	GlobalSection(SolutionConfigurationPlatforms) = preSolution
		Debug|Any CPU = Debug|Any CPU
		Release|Any CPU = Release|Any CPU
	EndGlobalSection
	GlobalSection(ProjectConfigurationPlatforms) = postSolution
		{C9AC9C2E-F4F1-44CA-AFE7-08C3969FF2C8}.Debug|Any CPU.ActiveCfg = Debug|Any CPU
		{C9AC9C2E-F4F1-44CA-AFE7-08C3969FF2C8}.Debug|Any CPU.Build.0 = Debug|Any CPU
		{C9AC9C2E-F4F1-44CA-AFE7-08C3969FF2C8}.Release|Any CPU.ActiveCfg = Release|Any CPU
		{C9AC9C2E-F4F1-44CA-AFE7-08C3969FF2C8}.Release|Any CPU.Build.0 = Release|Any CPU
	EndGlobalSection
	GlobalSection(SolutionProperties) = preSolution
		HideSolutionNode = FALSE
	EndGlobalSection
	GlobalSection(ExtensibilityGlobals) = postSolution
		SolutionGuid = {99E0CB45-74B9-465C-B6AC-6F66970F1339}
	EndGlobalSection
EndGlobal
